// !$*UTF8*$!
{
	archiveVersion = 1;
	classes = {
	};
	objectVersion = 50;
	objects = {

/* Begin PBXBuildFile section */
		922325B52505F6B60000741A /* AppDelegate.swift in Sources */ = {isa = PBXBuildFile; fileRef = 922325B42505F6B60000741A /* AppDelegate.swift */; };
		922325B72505F6B60000741A /* SceneDelegate.swift in Sources */ = {isa = PBXBuildFile; fileRef = 922325B62505F6B60000741A /* SceneDelegate.swift */; };
		922325BC2505F6B60000741A /* Main.storyboard in Resources */ = {isa = PBXBuildFile; fileRef = 922325BA2505F6B60000741A /* Main.storyboard */; };
		922325BE2505F6BB0000741A /* Assets.xcassets in Resources */ = {isa = PBXBuildFile; fileRef = 922325BD2505F6BB0000741A /* Assets.xcassets */; };
		922325C12505F6BB0000741A /* LaunchScreen.storyboard in Resources */ = {isa = PBXBuildFile; fileRef = 922325BF2505F6BB0000741A /* LaunchScreen.storyboard */; };
		922325CC2505F6BB0000741A /* TipCalculatorTests.swift in Sources */ = {isa = PBXBuildFile; fileRef = 922325CB2505F6BB0000741A /* TipCalculatorTests.swift */; };
		922325D72505F6BB0000741A /* TipCalculatorUITests.swift in Sources */ = {isa = PBXBuildFile; fileRef = 922325D62505F6BB0000741A /* TipCalculatorUITests.swift */; };
		922325E52506DECF0000741A /* TipCalculatorViewController.swift in Sources */ = {isa = PBXBuildFile; fileRef = 922325E42506DECF0000741A /* TipCalculatorViewController.swift */; };
		92240A3F25081E3A003B9F0A /* SettingsViewController.swift in Sources */ = {isa = PBXBuildFile; fileRef = 92240A3E25081E3A003B9F0A /* SettingsViewController.swift */; };
/* End PBXBuildFile section */

/* Begin PBXContainerItemProxy section */
		922325C82505F6BB0000741A /* PBXContainerItemProxy */ = {
			isa = PBXContainerItemProxy;
			containerPortal = 922325A92505F6B60000741A /* Project object */;
			proxyType = 1;
			remoteGlobalIDString = 922325B02505F6B60000741A;
			remoteInfo = TipCalculator;
		};
		922325D32505F6BB0000741A /* PBXContainerItemProxy */ = {
			isa = PBXContainerItemProxy;
			containerPortal = 922325A92505F6B60000741A /* Project object */;
			proxyType = 1;
			remoteGlobalIDString = 922325B02505F6B60000741A;
			remoteInfo = TipCalculator;
		};
/* End PBXContainerItemProxy section */

/* Begin PBXFileReference section */
		922325B12505F6B60000741A /* TipCalculator.app */ = {isa = PBXFileReference; explicitFileType = wrapper.application; includeInIndex = 0; path = TipCalculator.app; sourceTree = BUILT_PRODUCTS_DIR; };
		922325B42505F6B60000741A /* AppDelegate.swift */ = {isa = PBXFileReference; lastKnownFileType = sourcecode.swift; path = AppDelegate.swift; sourceTree = "<group>"; };
		922325B62505F6B60000741A /* SceneDelegate.swift */ = {isa = PBXFileReference; lastKnownFileType = sourcecode.swift; path = SceneDelegate.swift; sourceTree = "<group>"; };
		922325BB2505F6B60000741A /* Base */ = {isa = PBXFileReference; lastKnownFileType = file.storyboard; name = Base; path = Base.lproj/Main.storyboard; sourceTree = "<group>"; };
		922325BD2505F6BB0000741A /* Assets.xcassets */ = {isa = PBXFileReference; lastKnownFileType = folder.assetcatalog; path = Assets.xcassets; sourceTree = "<group>"; };
		922325C02505F6BB0000741A /* Base */ = {isa = PBXFileReference; lastKnownFileType = file.storyboard; name = Base; path = Base.lproj/LaunchScreen.storyboard; sourceTree = "<group>"; };
		922325C22505F6BB0000741A /* Info.plist */ = {isa = PBXFileReference; lastKnownFileType = text.plist.xml; path = Info.plist; sourceTree = "<group>"; };
		922325C72505F6BB0000741A /* TipCalculatorTests.xctest */ = {isa = PBXFileReference; explicitFileType = wrapper.cfbundle; includeInIndex = 0; path = TipCalculatorTests.xctest; sourceTree = BUILT_PRODUCTS_DIR; };
		922325CB2505F6BB0000741A /* TipCalculatorTests.swift */ = {isa = PBXFileReference; lastKnownFileType = sourcecode.swift; path = TipCalculatorTests.swift; sourceTree = "<group>"; };
		922325CD2505F6BB0000741A /* Info.plist */ = {isa = PBXFileReference; lastKnownFileType = text.plist.xml; path = Info.plist; sourceTree = "<group>"; };
		922325D22505F6BB0000741A /* TipCalculatorUITests.xctest */ = {isa = PBXFileReference; explicitFileType = wrapper.cfbundle; includeInIndex = 0; path = TipCalculatorUITests.xctest; sourceTree = BUILT_PRODUCTS_DIR; };
		922325D62505F6BB0000741A /* TipCalculatorUITests.swift */ = {isa = PBXFileReference; lastKnownFileType = sourcecode.swift; path = TipCalculatorUITests.swift; sourceTree = "<group>"; };
		922325D82505F6BB0000741A /* Info.plist */ = {isa = PBXFileReference; lastKnownFileType = text.plist.xml; path = Info.plist; sourceTree = "<group>"; };
		922325E42506DECF0000741A /* TipCalculatorViewController.swift */ = {isa = PBXFileReference; lastKnownFileType = sourcecode.swift; path = TipCalculatorViewController.swift; sourceTree = "<group>"; };
		92240A3E25081E3A003B9F0A /* SettingsViewController.swift */ = {isa = PBXFileReference; lastKnownFileType = sourcecode.swift; path = SettingsViewController.swift; sourceTree = "<group>"; };
/* End PBXFileReference section */

/* Begin PBXFrameworksBuildPhase section */
		922325AE2505F6B60000741A /* Frameworks */ = {
			isa = PBXFrameworksBuildPhase;
			buildActionMask = 2147483647;
			files = (
			);
			runOnlyForDeploymentPostprocessing = 0;
		};
		922325C42505F6BB0000741A /* Frameworks */ = {
			isa = PBXFrameworksBuildPhase;
			buildActionMask = 2147483647;
			files = (
			);
			runOnlyForDeploymentPostprocessing = 0;
		};
		922325CF2505F6BB0000741A /* Frameworks */ = {
			isa = PBXFrameworksBuildPhase;
			buildActionMask = 2147483647;
			files = (
			);
			runOnlyForDeploymentPostprocessing = 0;
		};
/* End PBXFrameworksBuildPhase section */

/* Begin PBXGroup section */
		922325A82505F6B60000741A = {
			isa = PBXGroup;
			children = (
				922325B32505F6B60000741A /* TipCalculator */,
				922325CA2505F6BB0000741A /* TipCalculatorTests */,
				922325D52505F6BB0000741A /* TipCalculatorUITests */,
				922325B22505F6B60000741A /* Products */,
			);
			sourceTree = "<group>";
		};
		922325B22505F6B60000741A /* Products */ = {
			isa = PBXGroup;
			children = (
				922325B12505F6B60000741A /* TipCalculator.app */,
				922325C72505F6BB0000741A /* TipCalculatorTests.xctest */,
				922325D22505F6BB0000741A /* TipCalculatorUITests.xctest */,
			);
			name = Products;
			sourceTree = "<group>";
		};
		922325B32505F6B60000741A /* TipCalculator */ = {
			isa = PBXGroup;
			children = (
				922325B42505F6B60000741A /* AppDelegate.swift */,
				922325B62505F6B60000741A /* SceneDelegate.swift */,
				922325BA2505F6B60000741A /* Main.storyboard */,
				922325BD2505F6BB0000741A /* Assets.xcassets */,
				922325BF2505F6BB0000741A /* LaunchScreen.storyboard */,
				922325C22505F6BB0000741A /* Info.plist */,
				922325E42506DECF0000741A /* TipCalculatorViewController.swift */,
				92240A3E25081E3A003B9F0A /* SettingsViewController.swift */,
			);
			path = TipCalculator;
			sourceTree = "<group>";
		};
		922325CA2505F6BB0000741A /* TipCalculatorTests */ = {
			isa = PBXGroup;
			children = (
				922325CB2505F6BB0000741A /* TipCalculatorTests.swift */,
				922325CD2505F6BB0000741A /* Info.plist */,
			);
			path = TipCalculatorTests;
			sourceTree = "<group>";
		};
		922325D52505F6BB0000741A /* TipCalculatorUITests */ = {
			isa = PBXGroup;
			children = (
				922325D62505F6BB0000741A /* TipCalculatorUITests.swift */,
				922325D82505F6BB0000741A /* Info.plist */,
			);
			path = TipCalculatorUITests;
			sourceTree = "<group>";
		};
/* End PBXGroup section */

/* Begin PBXNativeTarget section */
		922325B02505F6B60000741A /* TipCalculator */ = {
			isa = PBXNativeTarget;
			buildConfigurationList = 922325DB2505F6BC0000741A /* Build configuration list for PBXNativeTarget "TipCalculator" */;
			buildPhases = (
				922325AD2505F6B60000741A /* Sources */,
				922325AE2505F6B60000741A /* Frameworks */,
				922325AF2505F6B60000741A /* Resources */,
			);
			buildRules = (
			);
			dependencies = (
			);
			name = TipCalculator;
			productName = TipCalculator;
			productReference = 922325B12505F6B60000741A /* TipCalculator.app */;
			productType = "com.apple.product-type.application";
		};
		922325C62505F6BB0000741A /* TipCalculatorTests */ = {
			isa = PBXNativeTarget;
			buildConfigurationList = 922325DE2505F6BC0000741A /* Build configuration list for PBXNativeTarget "TipCalculatorTests" */;
			buildPhases = (
				922325C32505F6BB0000741A /* Sources */,
				922325C42505F6BB0000741A /* Frameworks */,
				922325C52505F6BB0000741A /* Resources */,
			);
			buildRules = (
			);
			dependencies = (
				922325C92505F6BB0000741A /* PBXTargetDependency */,
			);
			name = TipCalculatorTests;
			productName = TipCalculatorTests;
			productReference = 922325C72505F6BB0000741A /* TipCalculatorTests.xctest */;
			productType = "com.apple.product-type.bundle.unit-test";
		};
		922325D12505F6BB0000741A /* TipCalculatorUITests */ = {
			isa = PBXNativeTarget;
			buildConfigurationList = 922325E12505F6BC0000741A /* Build configuration list for PBXNativeTarget "TipCalculatorUITests" */;
			buildPhases = (
				922325CE2505F6BB0000741A /* Sources */,
				922325CF2505F6BB0000741A /* Frameworks */,
				922325D02505F6BB0000741A /* Resources */,
			);
			buildRules = (
			);
			dependencies = (
				922325D42505F6BB0000741A /* PBXTargetDependency */,
			);
			name = TipCalculatorUITests;
			productName = TipCalculatorUITests;
			productReference = 922325D22505F6BB0000741A /* TipCalculatorUITests.xctest */;
			productType = "com.apple.product-type.bundle.ui-testing";
		};
/* End PBXNativeTarget section */

/* Begin PBXProject section */
		922325A92505F6B60000741A /* Project object */ = {
			isa = PBXProject;
			attributes = {
				LastSwiftUpdateCheck = 1150;
				LastUpgradeCheck = 1150;
				ORGANIZATIONNAME = "Aryan Vaid";
				TargetAttributes = {
					922325B02505F6B60000741A = {
						CreatedOnToolsVersion = 11.5;
					};
					922325C62505F6BB0000741A = {
						CreatedOnToolsVersion = 11.5;
						TestTargetID = 922325B02505F6B60000741A;
					};
					922325D12505F6BB0000741A = {
						CreatedOnToolsVersion = 11.5;
						TestTargetID = 922325B02505F6B60000741A;
					};
				};
			};
			buildConfigurationList = 922325AC2505F6B60000741A /* Build configuration list for PBXProject "TipCalculator" */;
			compatibilityVersion = "Xcode 9.3";
			developmentRegion = en;
			hasScannedForEncodings = 0;
			knownRegions = (
				en,
				Base,
			);
			mainGroup = 922325A82505F6B60000741A;
			productRefGroup = 922325B22505F6B60000741A /* Products */;
			projectDirPath = "";
			projectRoot = "";
			targets = (
				922325B02505F6B60000741A /* TipCalculator */,
				922325C62505F6BB0000741A /* TipCalculatorTests */,
				922325D12505F6BB0000741A /* TipCalculatorUITests */,
			);
		};
/* End PBXProject section */

/* Begin PBXResourcesBuildPhase section */
		922325AF2505F6B60000741A /* Resources */ = {
			isa = PBXResourcesBuildPhase;
			buildActionMask = 2147483647;
			files = (
				922325C12505F6BB0000741A /* LaunchScreen.storyboard in Resources */,
				922325BE2505F6BB0000741A /* Assets.xcassets in Resources */,
				922325BC2505F6B60000741A /* Main.storyboard in Resources */,
			);
			runOnlyForDeploymentPostprocessing = 0;
		};
		922325C52505F6BB0000741A /* Resources */ = {
			isa = PBXResourcesBuildPhase;
			buildActionMask = 2147483647;
			files = (
			);
			runOnlyForDeploymentPostprocessing = 0;
		};
		922325D02505F6BB0000741A /* Resources */ = {
			isa = PBXResourcesBuildPhase;
			buildActionMask = 2147483647;
			files = (
			);
			runOnlyForDeploymentPostprocessing = 0;
		};
/* End PBXResourcesBuildPhase section */

/* Begin PBXSourcesBuildPhase section */
		922325AD2505F6B60000741A /* Sources */ = {
			isa = PBXSourcesBuildPhase;
			buildActionMask = 2147483647;
			files = (
				922325B52505F6B60000741A /* AppDelegate.swift in Sources */,
				922325E52506DECF0000741A /* TipCalculatorViewController.swift in Sources */,
				922325B72505F6B60000741A /* SceneDelegate.swift in Sources */,
				92240A3F25081E3A003B9F0A /* SettingsViewController.swift in Sources */,
			);
			runOnlyForDeploymentPostprocessing = 0;
		};
		922325C32505F6BB0000741A /* Sources */ = {
			isa = PBXSourcesBuildPhase;
			buildActionMask = 2147483647;
			files = (
				922325CC2505F6BB0000741A /* TipCalculatorTests.swift in Sources */,
			);
			runOnlyForDeploymentPostprocessing = 0;
		};
		922325CE2505F6BB0000741A /* Sources */ = {
			isa = PBXSourcesBuildPhase;
			buildActionMask = 2147483647;
			files = (
				922325D72505F6BB0000741A /* TipCalculatorUITests.swift in Sources */,
			);
			runOnlyForDeploymentPostprocessing = 0;
		};
/* End PBXSourcesBuildPhase section */

/* Begin PBXTargetDependency section */
		922325C92505F6BB0000741A /* PBXTargetDependency */ = {
			isa = PBXTargetDependency;
			target = 922325B02505F6B60000741A /* TipCalculator */;
			targetProxy = 922325C82505F6BB0000741A /* PBXContainerItemProxy */;
		};
		922325D42505F6BB0000741A /* PBXTargetDependency */ = {
			isa = PBXTargetDependency;
			target = 922325B02505F6B60000741A /* TipCalculator */;
			targetProxy = 922325D32505F6BB0000741A /* PBXContainerItemProxy */;
		};
/* End PBXTargetDependency section */

/* Begin PBXVariantGroup section */
		922325BA2505F6B60000741A /* Main.storyboard */ = {
			isa = PBXVariantGroup;
			children = (
				922325BB2505F6B60000741A /* Base */,
			);
			name = Main.storyboard;
			sourceTree = "<group>";
		};
		922325BF2505F6BB0000741A /* LaunchScreen.storyboard */ = {
			isa = PBXVariantGroup;
			children = (
				922325C02505F6BB0000741A /* Base */,
			);
			name = LaunchScreen.storyboard;
			sourceTree = "<group>";
		};
/* End PBXVariantGroup section */

/* Begin XCBuildConfiguration section */
		922325D92505F6BB0000741A /* Debug */ = {
			isa = XCBuildConfiguration;
			buildSettings = {
				ALWAYS_SEARCH_USER_PATHS = NO;
				CLANG_ANALYZER_NONNULL = YES;
				CLANG_ANALYZER_NUMBER_OBJECT_CONVERSION = YES_AGGRESSIVE;
				CLANG_CXX_LANGUAGE_STANDARD = "gnu++14";
				CLANG_CXX_LIBRARY = "libc++";
				CLANG_ENABLE_MODULES = YES;
				CLANG_ENABLE_OBJC_ARC = YES;
				CLANG_ENABLE_OBJC_WEAK = YES;
				CLANG_WARN_BLOCK_CAPTURE_AUTORELEASING = YES;
				CLANG_WARN_BOOL_CONVERSION = YES;
				CLANG_WARN_COMMA = YES;
				CLANG_WARN_CONSTANT_CONVERSION = YES;
				CLANG_WARN_DEPRECATED_OBJC_IMPLEMENTATIONS = YES;
				CLANG_WARN_DIRECT_OBJC_ISA_USAGE = YES_ERROR;
				CLANG_WARN_DOCUMENTATION_COMMENTS = YES;
				CLANG_WARN_EMPTY_BODY = YES;
				CLANG_WARN_ENUM_CONVERSION = YES;
				CLANG_WARN_INFINITE_RECURSION = YES;
				CLANG_WARN_INT_CONVERSION = YES;
				CLANG_WARN_NON_LITERAL_NULL_CONVERSION = YES;
				CLANG_WARN_OBJC_IMPLICIT_RETAIN_SELF = YES;
				CLANG_WARN_OBJC_LITERAL_CONVERSION = YES;
				CLANG_WARN_OBJC_ROOT_CLASS = YES_ERROR;
				CLANG_WARN_RANGE_LOOP_ANALYSIS = YES;
				CLANG_WARN_STRICT_PROTOTYPES = YES;
				CLANG_WARN_SUSPICIOUS_MOVE = YES;
				CLANG_WARN_UNGUARDED_AVAILABILITY = YES_AGGRESSIVE;
				CLANG_WARN_UNREACHABLE_CODE = YES;
				CLANG_WARN__DUPLICATE_METHOD_MATCH = YES;
				COPY_PHASE_STRIP = NO;
				DEBUG_INFORMATION_FORMAT = dwarf;
				ENABLE_STRICT_OBJC_MSGSEND = YES;
				ENABLE_TESTABILITY = YES;
				GCC_C_LANGUAGE_STANDARD = gnu11;
				GCC_DYNAMIC_NO_PIC = NO;
				GCC_NO_COMMON_BLOCKS = YES;
				GCC_OPTIMIZATION_LEVEL = 0;
				GCC_PREPROCESSOR_DEFINITIONS = (
					"DEBUG=1",
					"$(inherited)",
				);
				GCC_WARN_64_TO_32_BIT_CONVERSION = YES;
				GCC_WARN_ABOUT_RETURN_TYPE = YES_ERROR;
				GCC_WARN_UNDECLARED_SELECTOR = YES;
				GCC_WARN_UNINITIALIZED_AUTOS = YES_AGGRESSIVE;
				GCC_WARN_UNUSED_FUNCTION = YES;
				GCC_WARN_UNUSED_VARIABLE = YES;
				IPHONEOS_DEPLOYMENT_TARGET = 13.5;
				MTL_ENABLE_DEBUG_INFO = INCLUDE_SOURCE;
				MTL_FAST_MATH = YES;
				ONLY_ACTIVE_ARCH = YES;
				SDKROOT = iphoneos;
				SWIFT_ACTIVE_COMPILATION_CONDITIONS = DEBUG;
				SWIFT_OPTIMIZATION_LEVEL = "-Onone";
			};
			name = Debug;
		};
		922325DA2505F6BB0000741A /* Release */ = {
			isa = XCBuildConfiguration;
			buildSettings = {
				ALWAYS_SEARCH_USER_PATHS = NO;
				CLANG_ANALYZER_NONNULL = YES;
				CLANG_ANALYZER_NUMBER_OBJECT_CONVERSION = YES_AGGRESSIVE;
				CLANG_CXX_LANGUAGE_STANDARD = "gnu++14";
				CLANG_CXX_LIBRARY = "libc++";
				CLANG_ENABLE_MODULES = YES;
				CLANG_ENABLE_OBJC_ARC = YES;
				CLANG_ENABLE_OBJC_WEAK = YES;
				CLANG_WARN_BLOCK_CAPTURE_AUTORELEASING = YES;
				CLANG_WARN_BOOL_CONVERSION = YES;
				CLANG_WARN_COMMA = YES;
				CLANG_WARN_CONSTANT_CONVERSION = YES;
				CLANG_WARN_DEPRECATED_OBJC_IMPLEMENTATIONS = YES;
				CLANG_WARN_DIRECT_OBJC_ISA_USAGE = YES_ERROR;
				CLANG_WARN_DOCUMENTATION_COMMENTS = YES;
				CLANG_WARN_EMPTY_BODY = YES;
				CLANG_WARN_ENUM_CONVERSION = YES;
				CLANG_WARN_INFINITE_RECURSION = YES;
				CLANG_WARN_INT_CONVERSION = YES;
				CLANG_WARN_NON_LITERAL_NULL_CONVERSION = YES;
				CLANG_WARN_OBJC_IMPLICIT_RETAIN_SELF = YES;
				CLANG_WARN_OBJC_LITERAL_CONVERSION = YES;
				CLANG_WARN_OBJC_ROOT_CLASS = YES_ERROR;
				CLANG_WARN_RANGE_LOOP_ANALYSIS = YES;
				CLANG_WARN_STRICT_PROTOTYPES = YES;
				CLANG_WARN_SUSPICIOUS_MOVE = YES;
				CLANG_WARN_UNGUARDED_AVAILABILITY = YES_AGGRESSIVE;
				CLANG_WARN_UNREACHABLE_CODE = YES;
				CLANG_WARN__DUPLICATE_METHOD_MATCH = YES;
				COPY_PHASE_STRIP = NO;
				DEBUG_INFORMATION_FORMAT = "dwarf-with-dsym";
				ENABLE_NS_ASSERTIONS = NO;
				ENABLE_STRICT_OBJC_MSGSEND = YES;
				GCC_C_LANGUAGE_STANDARD = gnu11;
				GCC_NO_COMMON_BLOCKS = YES;
				GCC_WARN_64_TO_32_BIT_CONVERSION = YES;
				GCC_WARN_ABOUT_RETURN_TYPE = YES_ERROR;
				GCC_WARN_UNDECLARED_SELECTOR = YES;
				GCC_WARN_UNINITIALIZED_AUTOS = YES_AGGRESSIVE;
				GCC_WARN_UNUSED_FUNCTION = YES;
				GCC_WARN_UNUSED_VARIABLE = YES;
				IPHONEOS_DEPLOYMENT_TARGET = 13.5;
				MTL_ENABLE_DEBUG_INFO = NO;
				MTL_FAST_MATH = YES;
				SDKROOT = iphoneos;
				SWIFT_COMPILATION_MODE = wholemodule;
				SWIFT_OPTIMIZATION_LEVEL = "-O";
				VALIDATE_PRODUCT = YES;
			};
			name = Release;
		};
		922325DC2505F6BC0000741A /* Debug */ = {
			isa = XCBuildConfiguration;
			buildSettings = {
				ASSETCATALOG_COMPILER_APPICON_NAME = AppIcon;
				CODE_SIGN_STYLE = Automatic;
				DEVELOPMENT_TEAM = C6PRXN8WM5;
				INFOPLIST_FILE = TipCalculator/Info.plist;
				LD_RUNPATH_SEARCH_PATHS = (
					"$(inherited)",
					"@executable_path/Frameworks",
				);
				PRODUCT_BUNDLE_IDENTIFIER = com.Aryan.TipCalculator;
				PRODUCT_NAME = "$(TARGET_NAME)";
				SWIFT_VERSION = 5.0;
				TARGETED_DEVICE_FAMILY = "1,2";
			};
			name = Debug;
		};
		922325DD2505F6BC0000741A /* Release */ = {
			isa = XCBuildConfiguration;
			buildSettings = {
				ASSETCATALOG_COMPILER_APPICON_NAME = AppIcon;
				CODE_SIGN_STYLE = Automatic;
				DEVELOPMENT_TEAM = C6PRXN8WM5;
				INFOPLIST_FILE = TipCalculator/Info.plist;
				LD_RUNPATH_SEARCH_PATHS = (
					"$(inherited)",
					"@executable_path/Frameworks",
				);
				PRODUCT_BUNDLE_IDENTIFIER = com.Aryan.TipCalculator;
				PRODUCT_NAME = "$(TARGET_NAME)";
				SWIFT_VERSION = 5.0;
				TARGETED_DEVICE_FAMILY = "1,2";
			};
			name = Release;
		};
		922325DF2505F6BC0000741A /* Debug */ = {
			isa = XCBuildConfiguration;
			buildSettings = {
				ALWAYS_EMBED_SWIFT_STANDARD_LIBRARIES = YES;
				BUNDLE_LOADER = "$(TEST_HOST)";
				CODE_SIGN_STYLE = Automatic;
				DEVELOPMENT_TEAM = C6PRXN8WM5;
				INFOPLIST_FILE = TipCalculatorTests/Info.plist;
				IPHONEOS_DEPLOYMENT_TARGET = 13.5;
				LD_RUNPATH_SEARCH_PATHS = (
					"$(inherited)",
					"@executable_path/Frameworks",
					"@loader_path/Frameworks",
				);
				PRODUCT_BUNDLE_IDENTIFIER = com.Aryan.TipCalculatorTests;
				PRODUCT_NAME = "$(TARGET_NAME)";
				SWIFT_VERSION = 5.0;
				TARGETED_DEVICE_FAMILY = "1,2";
				TEST_HOST = "$(BUILT_PRODUCTS_DIR)/TipCalculator.app/TipCalculator";
			};
			name = Debug;
		};
		922325E02505F6BC0000741A /* Release */ = {
			isa = XCBuildConfiguration;
			buildSettings = {
				ALWAYS_EMBED_SWIFT_STANDARD_LIBRARIES = YES;
				BUNDLE_LOADER = "$(TEST_HOST)";
				CODE_SIGN_STYLE = Automatic;
				DEVELOPMENT_TEAM = C6PRXN8WM5;
				INFOPLIST_FILE = TipCalculatorTests/Info.plist;
				IPHONEOS_DEPLOYMENT_TARGET = 13.5;
				LD_RUNPATH_SEARCH_PATHS = (
					"$(inherited)",
					"@executable_path/Frameworks",
					"@loader_path/Frameworks",
				);
				PRODUCT_BUNDLE_IDENTIFIER = com.Aryan.TipCalculatorTests;
				PRODUCT_NAME = "$(TARGET_NAME)";
				SWIFT_VERSION = 5.0;
				TARGETED_DEVICE_FAMILY = "1,2";
				TEST_HOST = "$(BUILT_PRODUCTS_DIR)/TipCalculator.app/TipCalculator";
			};
			name = Release;
		};
		922325E22505F6BC0000741A /* Debug */ = {
			isa = XCBuildConfiguration;
			buildSettings = {
				ALWAYS_EMBED_SWIFT_STANDARD_LIBRARIES = YES;
				CODE_SIGN_STYLE = Automatic;
				DEVELOPMENT_TEAM = C6PRXN8WM5;
				INFOPLIST_FILE = TipCalculatorUITests/Info.plist;
				LD_RUNPATH_SEARCH_PATHS = (
					"$(inherited)",
					"@executable_path/Frameworks",
					"@loader_path/Frameworks",
				);
				PRODUCT_BUNDLE_IDENTIFIER = com.Aryan.TipCalculatorUITests;
				PRODUCT_NAME = "$(TARGET_NAME)";
				SWIFT_VERSION = 5.0;
				TARGETED_DEVICE_FAMILY = "1,2";
				TEST_TARGET_NAME = TipCalculator;
			};
			name = Debug;
		};
		922325E32505F6BC0000741A /* Release */ = {
			isa = XCBuildConfiguration;
			buildSettings = {
				ALWAYS_EMBED_SWIFT_STANDARD_LIBRARIES = YES;
				CODE_SIGN_STYLE = Automatic;
				DEVELOPMENT_TEAM = C6PRXN8WM5;
				INFOPLIST_FILE = TipCalculatorUITests/Info.plist;
				LD_RUNPATH_SEARCH_PATHS = (
					"$(inherited)",
					"@executable_path/Frameworks",
					"@loader_path/Frameworks",
				);
				PRODUCT_BUNDLE_IDENTIFIER = com.Aryan.TipCalculatorUITests;
				PRODUCT_NAME = "$(TARGET_NAME)";
				SWIFT_VERSION = 5.0;
				TARGETED_DEVICE_FAMILY = "1,2";
				TEST_TARGET_NAME = TipCalculator;
			};
			name = Release;
		};
/* End XCBuildConfiguration section */

/* Begin XCConfigurationList section */
		922325AC2505F6B60000741A /* Build configuration list for PBXProject "TipCalculator" */ = {
			isa = XCConfigurationList;
			buildConfigurations = (
				922325D92505F6BB0000741A /* Debug */,
				922325DA2505F6BB0000741A /* Release */,
			);
			defaultConfigurationIsVisible = 0;
			defaultConfigurationName = Release;
		};
		922325DB2505F6BC0000741A /* Build configuration list for PBXNativeTarget "TipCalculator" */ = {
			isa = XCConfigurationList;
			buildConfigurations = (
				922325DC2505F6BC0000741A /* Debug */,
				922325DD2505F6BC0000741A /* Release */,
			);
			defaultConfigurationIsVisible = 0;
			defaultConfigurationName = Release;
		};
		922325DE2505F6BC0000741A /* Build configuration list for PBXNativeTarget "TipCalculatorTests" */ = {
			isa = XCConfigurationList;
			buildConfigurations = (
				922325DF2505F6BC0000741A /* Debug */,
				922325E02505F6BC0000741A /* Release */,
			);
			defaultConfigurationIsVisible = 0;
			defaultConfigurationName = Release;
		};
		922325E12505F6BC0000741A /* Build configuration list for PBXNativeTarget "TipCalculatorUITests" */ = {
			isa = XCConfigurationList;
			buildConfigurations = (
				922325E22505F6BC0000741A /* Debug */,
				922325E32505F6BC0000741A /* Release */,
			);
			defaultConfigurationIsVisible = 0;
			defaultConfigurationName = Release;
		};
/* End XCConfigurationList section */
	};
	rootObject = 922325A92505F6B60000741A /* Project object */;
}
